<?xml version="1.0" encoding="UTF-8"?>
<!DOCTYPE plist PUBLIC "-//Apple//DTD PLIST 1.0//EN" "http://www.apple.com/DTDs/PropertyList-1.0.dtd">
<plist version="1.0">
<dict>
	<key>archiveVersion</key>
	<string>1</string>
	<key>classes</key>
	<dict/>
	<key>objectVersion</key>
	<string>46</string>
	<key>objects</key>
	<dict>
		<key>1172AFB8F2248D518A7B6630</key>
		<dict>
			<key>includeInIndex</key>
			<string>1</string>
			<key>isa</key>
			<string>PBXFileReference</string>
			<key>lastKnownFileType</key>
			<string>text.xcconfig</string>
			<key>name</key>
			<string>Pods-VirtualBook-iPad.debug.xcconfig</string>
			<key>path</key>
			<string>Pods/Target Support Files/Pods-VirtualBook-iPad/Pods-VirtualBook-iPad.debug.xcconfig</string>
			<key>sourceTree</key>
			<string>&lt;group&gt;</string>
		</dict>
		<key>1A13F92670D1577AA1036FBC</key>
		<dict>
			<key>buildActionMask</key>
			<string>2147483647</string>
			<key>files</key>
			<array/>
			<key>inputPaths</key>
			<array/>
			<key>isa</key>
			<string>PBXShellScriptBuildPhase</string>
			<key>name</key>
			<string>Embed Pods Frameworks</string>
			<key>outputPaths</key>
			<array/>
			<key>runOnlyForDeploymentPostprocessing</key>
			<string>0</string>
			<key>shellPath</key>
			<string>/bin/sh</string>
			<key>shellScript</key>
			<string>"${SRCROOT}/Pods/Target Support Files/Pods-VirtualBook-iPad/Pods-VirtualBook-iPad-frameworks.sh"
</string>
			<key>showEnvVarsInLog</key>
			<string>0</string>
		</dict>
		<key>25853D531576AE32903FE479</key>
		<dict>
			<key>explicitFileType</key>
			<string>archive.ar</string>
			<key>includeInIndex</key>
			<string>0</string>
			<key>isa</key>
			<string>PBXFileReference</string>
			<key>path</key>
			<string>libPods-VirtualBook-iPad.a</string>
			<key>sourceTree</key>
			<string>BUILT_PRODUCTS_DIR</string>
		</dict>
		<key>69DED81921F4182304CB3091</key>
		<dict>
			<key>children</key>
			<array>
				<string>25853D531576AE32903FE479</string>
			</array>
			<key>isa</key>
			<string>PBXGroup</string>
			<key>name</key>
			<string>Frameworks</string>
			<key>sourceTree</key>
			<string>&lt;group&gt;</string>
		</dict>
		<key>88D35E235AA6E3E3FE57A00D</key>
		<dict>
			<key>buildActionMask</key>
			<string>2147483647</string>
			<key>files</key>
			<array/>
			<key>inputPaths</key>
			<array/>
			<key>isa</key>
			<string>PBXShellScriptBuildPhase</string>
			<key>name</key>
			<string>Copy Pods Resources</string>
			<key>outputPaths</key>
			<array/>
			<key>runOnlyForDeploymentPostprocessing</key>
			<string>0</string>
			<key>shellPath</key>
			<string>/bin/sh</string>
			<key>shellScript</key>
			<string>"${SRCROOT}/Pods/Target Support Files/Pods-VirtualBook-iPad/Pods-VirtualBook-iPad-resources.sh"
</string>
			<key>showEnvVarsInLog</key>
			<string>0</string>
		</dict>
		<key>8DE0260B6C8B8E069226FB2A</key>
		<dict>
			<key>buildActionMask</key>
			<string>2147483647</string>
			<key>files</key>
			<array/>
			<key>inputPaths</key>
			<array/>
			<key>isa</key>
			<string>PBXShellScriptBuildPhase</string>
			<key>name</key>
			<string>Check Pods Manifest.lock</string>
			<key>outputPaths</key>
			<array/>
			<key>runOnlyForDeploymentPostprocessing</key>
			<string>0</string>
			<key>shellPath</key>
			<string>/bin/sh</string>
			<key>shellScript</key>
			<string>diff "${PODS_ROOT}/../Podfile.lock" "${PODS_ROOT}/Manifest.lock" &gt; /dev/null
if [[ $? != 0 ]] ; then
    cat &lt;&lt; EOM
error: The sandbox is not in sync with the Podfile.lock. Run 'pod install' or update your CocoaPods installation.
EOM
    exit 1
fi
</string>
			<key>showEnvVarsInLog</key>
			<string>0</string>
		</dict>
		<key>8E0DF8F40749BFA575841736</key>
		<dict>
			<key>children</key>
			<array>
				<string>1172AFB8F2248D518A7B6630</string>
				<string>8E914B75D02536448B445729</string>
			</array>
			<key>isa</key>
			<string>PBXGroup</string>
			<key>name</key>
			<string>Pods</string>
			<key>sourceTree</key>
			<string>&lt;group&gt;</string>
		</dict>
		<key>8E914B75D02536448B445729</key>
		<dict>
			<key>includeInIndex</key>
			<string>1</string>
			<key>isa</key>
			<string>PBXFileReference</string>
			<key>lastKnownFileType</key>
			<string>text.xcconfig</string>
			<key>name</key>
			<string>Pods-VirtualBook-iPad.release.xcconfig</string>
			<key>path</key>
			<string>Pods/Target Support Files/Pods-VirtualBook-iPad/Pods-VirtualBook-iPad.release.xcconfig</string>
			<key>sourceTree</key>
			<string>&lt;group&gt;</string>
		</dict>
		<key>B15CFD66777F73651E91C5EC</key>
		<dict>
			<key>fileRef</key>
			<string>25853D531576AE32903FE479</string>
			<key>isa</key>
			<string>PBXBuildFile</string>
		</dict>
		<key>BA4139381CB8AFC600942E0C</key>
		<dict>
			<key>children</key>
			<array>
				<string>BA4139431CB8AFC600942E0C</string>
				<string>BA4139421CB8AFC600942E0C</string>
				<string>8E0DF8F40749BFA575841736</string>
				<string>69DED81921F4182304CB3091</string>
			</array>
			<key>isa</key>
			<string>PBXGroup</string>
			<key>sourceTree</key>
			<string>&lt;group&gt;</string>
		</dict>
		<key>BA4139391CB8AFC600942E0C</key>
		<dict>
			<key>attributes</key>
			<dict>
				<key>LastUpgradeCheck</key>
				<string>0730</string>
				<key>ORGANIZATIONNAME</key>
				<string>justdoit</string>
				<key>TargetAttributes</key>
				<dict>
					<key>BA4139401CB8AFC600942E0C</key>
					<dict>
						<key>CreatedOnToolsVersion</key>
						<string>7.3</string>
					</dict>
				</dict>
			</dict>
			<key>buildConfigurationList</key>
			<string>BA41393C1CB8AFC600942E0C</string>
			<key>compatibilityVersion</key>
			<string>Xcode 3.2</string>
			<key>developmentRegion</key>
			<string>English</string>
			<key>hasScannedForEncodings</key>
			<string>0</string>
			<key>isa</key>
			<string>PBXProject</string>
			<key>knownRegions</key>
			<array>
				<string>en</string>
				<string>Base</string>
			</array>
			<key>mainGroup</key>
			<string>BA4139381CB8AFC600942E0C</string>
			<key>productRefGroup</key>
			<string>BA4139421CB8AFC600942E0C</string>
			<key>projectDirPath</key>
			<string></string>
			<key>projectReferences</key>
			<array/>
			<key>projectRoot</key>
			<string></string>
			<key>targets</key>
			<array>
				<string>BA4139401CB8AFC600942E0C</string>
			</array>
		</dict>
		<key>BA41393C1CB8AFC600942E0C</key>
		<dict>
			<key>buildConfigurations</key>
			<array>
				<string>BA4139561CB8AFC600942E0C</string>
				<string>BA4139571CB8AFC600942E0C</string>
			</array>
			<key>defaultConfigurationIsVisible</key>
			<string>0</string>
			<key>defaultConfigurationName</key>
			<string>Release</string>
			<key>isa</key>
			<string>XCConfigurationList</string>
		</dict>
		<key>BA41393D1CB8AFC600942E0C</key>
		<dict>
			<key>buildActionMask</key>
			<string>2147483647</string>
			<key>files</key>
			<array>
				<string>BA41396C1CB8B91C00942E0C</string>
				<string>BA41396F1CB8B92D00942E0C</string>
				<string>BA41397C1CB8B97C00942E0C</string>
				<string>BA41397F1CB8B98400942E0C</string>
				<string>BA41398F1CB8BD1F00942E0C</string>
				<string>BA4139791CB8B97400942E0C</string>
				<string>BA4139821CB8B99100942E0C</string>
				<string>BA41398D1CB8BD1F00942E0C</string>
				<string>BA4139491CB8AFC600942E0C</string>
				<string>BAA66DD61CB8D9BB0071085F</string>
				<string>BA41398C1CB8BD1F00942E0C</string>
				<string>BA4139741CB8B95400942E0C</string>
				<string>BA4139461CB8AFC600942E0C</string>
				<string>BA41398E1CB8BD1F00942E0C</string>
				<string>BAA66DD51CB8D9BB0071085F</string>
			</array>
			<key>isa</key>
			<string>PBXSourcesBuildPhase</string>
			<key>runOnlyForDeploymentPostprocessing</key>
			<string>0</string>
		</dict>
		<key>BA41393E1CB8AFC600942E0C</key>
		<dict>
			<key>buildActionMask</key>
			<string>2147483647</string>
			<key>files</key>
			<array>
				<string>B15CFD66777F73651E91C5EC</string>
			</array>
			<key>isa</key>
			<string>PBXFrameworksBuildPhase</string>
			<key>runOnlyForDeploymentPostprocessing</key>
			<string>0</string>
		</dict>
		<key>BA41393F1CB8AFC600942E0C</key>
		<dict>
			<key>buildActionMask</key>
			<string>2147483647</string>
			<key>files</key>
			<array>
				<string>BAA66DB71CB8C02F0071085F</string>
				<string>BAA66DC11CB8C02F0071085F</string>
				<string>BAA66DC21CB8C02F0071085F</string>
				<string>BAA66DBE1CB8C02F0071085F</string>
				<string>BAA66DBD1CB8C02F0071085F</string>
				<string>BAA66DB81CB8C02F0071085F</string>
				<string>BAA66DB31CB8C02F0071085F</string>
				<string>BAA66DC31CB8C02F0071085F</string>
				<string>BAA66DC91CB8D3620071085F</string>
				<string>BAA66DB21CB8C02F0071085F</string>
				<string>BA4139761CB8B96300942E0C</string>
				<string>BAA66DCC1CB8D3620071085F</string>
				<string>BA41399A1CB8BD5900942E0C</string>
				<string>BAA66DC41CB8C02F0071085F</string>
				<string>BAA66DB91CB8C02F0071085F</string>
				<string>BAA66DCA1CB8D3620071085F</string>
				<string>BA4139711CB8B93900942E0C</string>
				<string>BA4139511CB8AFC600942E0C</string>
				<string>BA4139981CB8BD5900942E0C</string>
				<string>BA41399B1CB8BD5900942E0C</string>
				<string>BAA66DC01CB8C02F0071085F</string>
				<string>BAA66DB61CB8C02F0071085F</string>
				<string>BAA66DB51CB8C02F0071085F</string>
				<string>BAA66DBA1CB8C02F0071085F</string>
				<string>BAA66DBF1CB8C02F0071085F</string>
				<string>BAA66DBB1CB8C02F0071085F</string>
				<string>BAA66DCB1CB8D3620071085F</string>
				<string>BAA66DBC1CB8C02F0071085F</string>
				<string>BA4139991CB8BD5900942E0C</string>
				<string>BAA66DB11CB8C02F0071085F</string>
				<string>BAA66DB41CB8C02F0071085F</string>
				<string>BAA66DCE1CB8D5C90071085F</string>
				<string>BA4139A01CB8BEF400942E0C</string>
				<string>BA41399E1CB8BEE300942E0C</string>
			</array>
			<key>isa</key>
			<string>PBXResourcesBuildPhase</string>
			<key>runOnlyForDeploymentPostprocessing</key>
			<string>0</string>
		</dict>
		<key>BA4139401CB8AFC600942E0C</key>
		<dict>
			<key>buildConfigurationList</key>
			<string>BA4139581CB8AFC600942E0C</string>
			<key>buildPhases</key>
			<array>
				<string>8DE0260B6C8B8E069226FB2A</string>
				<string>BA41393D1CB8AFC600942E0C</string>
				<string>BA41393E1CB8AFC600942E0C</string>
				<string>BA41393F1CB8AFC600942E0C</string>
				<string>1A13F92670D1577AA1036FBC</string>
				<string>88D35E235AA6E3E3FE57A00D</string>
			</array>
			<key>buildRules</key>
			<array/>
			<key>dependencies</key>
			<array/>
			<key>isa</key>
			<string>PBXNativeTarget</string>
			<key>name</key>
			<string>VirtualBook-iPad</string>
			<key>productName</key>
			<string>VirtualBook-iPad</string>
			<key>productReference</key>
			<string>BA4139411CB8AFC600942E0C</string>
			<key>productType</key>
			<string>com.apple.product-type.application</string>
		</dict>
		<key>BA4139411CB8AFC600942E0C</key>
		<dict>
			<key>explicitFileType</key>
			<string>wrapper.application</string>
			<key>includeInIndex</key>
			<string>0</string>
			<key>isa</key>
			<string>PBXFileReference</string>
			<key>path</key>
			<string>VirtualBook-iPad.app</string>
			<key>sourceTree</key>
			<string>BUILT_PRODUCTS_DIR</string>
		</dict>
		<key>BA4139421CB8AFC600942E0C</key>
		<dict>
			<key>children</key>
			<array>
				<string>BA4139411CB8AFC600942E0C</string>
			</array>
			<key>isa</key>
			<string>PBXGroup</string>
			<key>name</key>
			<string>Products</string>
			<key>sourceTree</key>
			<string>&lt;group&gt;</string>
		</dict>
		<key>BA4139431CB8AFC600942E0C</key>
		<dict>
			<key>children</key>
			<array>
				<string>BA41395D1CB8B85A00942E0C</string>
				<string>BA4139611CB8B86E00942E0C</string>
				<string>BA4139601CB8B86900942E0C</string>
				<string>BA41395E1CB8B86100942E0C</string>
				<string>BA4139551CB8AFC600942E0C</string>
				<string>BA4139441CB8AFC600942E0C</string>
			</array>
			<key>isa</key>
			<string>PBXGroup</string>
			<key>path</key>
			<string>VirtualBook-iPad</string>
			<key>sourceTree</key>
			<string>&lt;group&gt;</string>
		</dict>
		<key>BA4139441CB8AFC600942E0C</key>
		<dict>
			<key>children</key>
			<array>
				<string>BA4139451CB8AFC600942E0C</string>
			</array>
			<key>isa</key>
			<string>PBXGroup</string>
			<key>name</key>
			<string>Supporting Files</string>
			<key>sourceTree</key>
			<string>&lt;group&gt;</string>
		</dict>
		<key>BA4139451CB8AFC600942E0C</key>
		<dict>
			<key>isa</key>
			<string>PBXFileReference</string>
			<key>lastKnownFileType</key>
			<string>sourcecode.c.objc</string>
			<key>path</key>
			<string>main.m</string>
			<key>sourceTree</key>
			<string>&lt;group&gt;</string>
		</dict>
		<key>BA4139461CB8AFC600942E0C</key>
		<dict>
			<key>fileRef</key>
			<string>BA4139451CB8AFC600942E0C</string>
			<key>isa</key>
			<string>PBXBuildFile</string>
		</dict>
		<key>BA4139471CB8AFC600942E0C</key>
		<dict>
			<key>isa</key>
			<string>PBXFileReference</string>
			<key>lastKnownFileType</key>
			<string>sourcecode.c.h</string>
			<key>path</key>
			<string>AppDelegate.h</string>
			<key>sourceTree</key>
			<string>&lt;group&gt;</string>
		</dict>
		<key>BA4139481CB8AFC600942E0C</key>
		<dict>
			<key>isa</key>
			<string>PBXFileReference</string>
			<key>lastKnownFileType</key>
			<string>sourcecode.c.objc</string>
			<key>path</key>
			<string>AppDelegate.m</string>
			<key>sourceTree</key>
			<string>&lt;group&gt;</string>
		</dict>
		<key>BA4139491CB8AFC600942E0C</key>
		<dict>
			<key>fileRef</key>
			<string>BA4139481CB8AFC600942E0C</string>
			<key>isa</key>
			<string>PBXBuildFile</string>
		</dict>
		<key>BA4139501CB8AFC600942E0C</key>
		<dict>
			<key>isa</key>
			<string>PBXFileReference</string>
			<key>lastKnownFileType</key>
			<string>folder.assetcatalog</string>
			<key>path</key>
			<string>Assets.xcassets</string>
			<key>sourceTree</key>
			<string>&lt;group&gt;</string>
		</dict>
		<key>BA4139511CB8AFC600942E0C</key>
		<dict>
			<key>fileRef</key>
			<string>BA4139501CB8AFC600942E0C</string>
			<key>isa</key>
			<string>PBXBuildFile</string>
		</dict>
		<key>BA4139551CB8AFC600942E0C</key>
		<dict>
			<key>isa</key>
			<string>PBXFileReference</string>
			<key>lastKnownFileType</key>
			<string>text.plist.xml</string>
			<key>path</key>
			<string>Info.plist</string>
			<key>sourceTree</key>
			<string>&lt;group&gt;</string>
		</dict>
		<key>BA4139561CB8AFC600942E0C</key>
		<dict>
			<key>buildSettings</key>
			<dict>
				<key>ALWAYS_SEARCH_USER_PATHS</key>
				<string>NO</string>
				<key>CLANG_ANALYZER_NONNULL</key>
				<string>YES</string>
				<key>CLANG_CXX_LANGUAGE_STANDARD</key>
				<string>gnu++0x</string>
				<key>CLANG_CXX_LIBRARY</key>
				<string>libc++</string>
				<key>CLANG_ENABLE_MODULES</key>
				<string>YES</string>
				<key>CLANG_ENABLE_OBJC_ARC</key>
				<string>YES</string>
				<key>CLANG_WARN_BOOL_CONVERSION</key>
				<string>YES</string>
				<key>CLANG_WARN_CONSTANT_CONVERSION</key>
				<string>YES</string>
				<key>CLANG_WARN_DIRECT_OBJC_ISA_USAGE</key>
				<string>YES_ERROR</string>
				<key>CLANG_WARN_EMPTY_BODY</key>
				<string>YES</string>
				<key>CLANG_WARN_ENUM_CONVERSION</key>
				<string>YES</string>
				<key>CLANG_WARN_INT_CONVERSION</key>
				<string>YES</string>
				<key>CLANG_WARN_OBJC_ROOT_CLASS</key>
				<string>YES_ERROR</string>
				<key>CLANG_WARN_UNREACHABLE_CODE</key>
				<string>YES</string>
				<key>CLANG_WARN__DUPLICATE_METHOD_MATCH</key>
				<string>YES</string>
				<key>CODE_SIGN_IDENTITY[sdk=iphoneos*]</key>
				<string>iPhone Developer</string>
				<key>COPY_PHASE_STRIP</key>
				<string>NO</string>
				<key>DEBUG_INFORMATION_FORMAT</key>
				<string>dwarf</string>
				<key>ENABLE_STRICT_OBJC_MSGSEND</key>
				<string>YES</string>
				<key>ENABLE_TESTABILITY</key>
				<string>YES</string>
				<key>GCC_C_LANGUAGE_STANDARD</key>
				<string>gnu99</string>
				<key>GCC_DYNAMIC_NO_PIC</key>
				<string>NO</string>
				<key>GCC_NO_COMMON_BLOCKS</key>
				<string>YES</string>
				<key>GCC_OPTIMIZATION_LEVEL</key>
				<string>0</string>
				<key>GCC_PREPROCESSOR_DEFINITIONS</key>
				<array>
					<string>DEBUG=1</string>
					<string>$(inherited)</string>
				</array>
				<key>GCC_WARN_64_TO_32_BIT_CONVERSION</key>
				<string>YES</string>
				<key>GCC_WARN_ABOUT_RETURN_TYPE</key>
				<string>YES_ERROR</string>
				<key>GCC_WARN_UNDECLARED_SELECTOR</key>
				<string>YES</string>
				<key>GCC_WARN_UNINITIALIZED_AUTOS</key>
				<string>YES_AGGRESSIVE</string>
				<key>GCC_WARN_UNUSED_FUNCTION</key>
				<string>YES</string>
				<key>GCC_WARN_UNUSED_VARIABLE</key>
				<string>YES</string>
				<key>IPHONEOS_DEPLOYMENT_TARGET</key>
				<string>9.3</string>
				<key>MTL_ENABLE_DEBUG_INFO</key>
				<string>YES</string>
				<key>ONLY_ACTIVE_ARCH</key>
				<string>YES</string>
				<key>SDKROOT</key>
				<string>iphoneos</string>
				<key>TARGETED_DEVICE_FAMILY</key>
				<string>2</string>
			</dict>
			<key>isa</key>
			<string>XCBuildConfiguration</string>
			<key>name</key>
			<string>Debug</string>
		</dict>
		<key>BA4139571CB8AFC600942E0C</key>
		<dict>
			<key>buildSettings</key>
			<dict>
				<key>ALWAYS_SEARCH_USER_PATHS</key>
				<string>NO</string>
				<key>CLANG_ANALYZER_NONNULL</key>
				<string>YES</string>
				<key>CLANG_CXX_LANGUAGE_STANDARD</key>
				<string>gnu++0x</string>
				<key>CLANG_CXX_LIBRARY</key>
				<string>libc++</string>
				<key>CLANG_ENABLE_MODULES</key>
				<string>YES</string>
				<key>CLANG_ENABLE_OBJC_ARC</key>
				<string>YES</string>
				<key>CLANG_WARN_BOOL_CONVERSION</key>
				<string>YES</string>
				<key>CLANG_WARN_CONSTANT_CONVERSION</key>
				<string>YES</string>
				<key>CLANG_WARN_DIRECT_OBJC_ISA_USAGE</key>
				<string>YES_ERROR</string>
				<key>CLANG_WARN_EMPTY_BODY</key>
				<string>YES</string>
				<key>CLANG_WARN_ENUM_CONVERSION</key>
				<string>YES</string>
				<key>CLANG_WARN_INT_CONVERSION</key>
				<string>YES</string>
				<key>CLANG_WARN_OBJC_ROOT_CLASS</key>
				<string>YES_ERROR</string>
				<key>CLANG_WARN_UNREACHABLE_CODE</key>
				<string>YES</string>
				<key>CLANG_WARN__DUPLICATE_METHOD_MATCH</key>
				<string>YES</string>
				<key>CODE_SIGN_IDENTITY[sdk=iphoneos*]</key>
				<string>iPhone Developer</string>
				<key>COPY_PHASE_STRIP</key>
				<string>NO</string>
				<key>DEBUG_INFORMATION_FORMAT</key>
				<string>dwarf-with-dsym</string>
				<key>ENABLE_NS_ASSERTIONS</key>
				<string>NO</string>
				<key>ENABLE_STRICT_OBJC_MSGSEND</key>
				<string>YES</string>
				<key>GCC_C_LANGUAGE_STANDARD</key>
				<string>gnu99</string>
				<key>GCC_NO_COMMON_BLOCKS</key>
				<string>YES</string>
				<key>GCC_WARN_64_TO_32_BIT_CONVERSION</key>
				<string>YES</string>
				<key>GCC_WARN_ABOUT_RETURN_TYPE</key>
				<string>YES_ERROR</string>
				<key>GCC_WARN_UNDECLARED_SELECTOR</key>
				<string>YES</string>
				<key>GCC_WARN_UNINITIALIZED_AUTOS</key>
				<string>YES_AGGRESSIVE</string>
				<key>GCC_WARN_UNUSED_FUNCTION</key>
				<string>YES</string>
				<key>GCC_WARN_UNUSED_VARIABLE</key>
				<string>YES</string>
				<key>IPHONEOS_DEPLOYMENT_TARGET</key>
				<string>9.3</string>
				<key>MTL_ENABLE_DEBUG_INFO</key>
				<string>NO</string>
				<key>SDKROOT</key>
				<string>iphoneos</string>
				<key>TARGETED_DEVICE_FAMILY</key>
				<string>2</string>
				<key>VALIDATE_PRODUCT</key>
				<string>YES</string>
			</dict>
			<key>isa</key>
			<string>XCBuildConfiguration</string>
			<key>name</key>
			<string>Release</string>
		</dict>
		<key>BA4139581CB8AFC600942E0C</key>
		<dict>
			<key>buildConfigurations</key>
			<array>
				<string>BA4139591CB8AFC600942E0C</string>
				<string>BA41395A1CB8AFC600942E0C</string>
			</array>
			<key>defaultConfigurationIsVisible</key>
			<string>0</string>
			<key>defaultConfigurationName</key>
			<string>Release</string>
			<key>isa</key>
			<string>XCConfigurationList</string>
		</dict>
		<key>BA4139591CB8AFC600942E0C</key>
		<dict>
			<key>baseConfigurationReference</key>
			<string>1172AFB8F2248D518A7B6630</string>
			<key>buildSettings</key>
			<dict>
				<key>ASSETCATALOG_COMPILER_APPICON_NAME</key>
				<string>AppIcon</string>
				<key>INFOPLIST_FILE</key>
				<string>VirtualBook-iPad/Info.plist</string>
				<key>LD_RUNPATH_SEARCH_PATHS</key>
				<string>$(inherited) @executable_path/Frameworks</string>
				<key>PRODUCT_BUNDLE_IDENTIFIER</key>
				<string>com.justdoit.VirtualBook-iPad</string>
				<key>PRODUCT_NAME</key>
				<string>$(TARGET_NAME)</string>
			</dict>
			<key>isa</key>
			<string>XCBuildConfiguration</string>
			<key>name</key>
			<string>Debug</string>
		</dict>
		<key>BA41395A1CB8AFC600942E0C</key>
		<dict>
			<key>baseConfigurationReference</key>
			<string>8E914B75D02536448B445729</string>
			<key>buildSettings</key>
			<dict>
				<key>ASSETCATALOG_COMPILER_APPICON_NAME</key>
				<string>AppIcon</string>
				<key>INFOPLIST_FILE</key>
				<string>VirtualBook-iPad/Info.plist</string>
				<key>LD_RUNPATH_SEARCH_PATHS</key>
				<string>$(inherited) @executable_path/Frameworks</string>
				<key>PRODUCT_BUNDLE_IDENTIFIER</key>
				<string>com.justdoit.VirtualBook-iPad</string>
				<key>PRODUCT_NAME</key>
				<string>$(TARGET_NAME)</string>
			</dict>
			<key>isa</key>
			<string>XCBuildConfiguration</string>
			<key>name</key>
			<string>Release</string>
		</dict>
		<key>BA41395D1CB8B85A00942E0C</key>
		<dict>
			<key>children</key>
			<array>
				<string>BAA66DCF1CB8D6190071085F</string>
				<string>BA41399C1CB8BD5B00942E0C</string>
				<string>BA4139901CB8BD2100942E0C</string>
				<string>BA4139501CB8AFC600942E0C</string>
			</array>
			<key>isa</key>
			<string>PBXGroup</string>
			<key>name</key>
			<string>Resource</string>
			<key>sourceTree</key>
			<string>&lt;group&gt;</string>
		</dict>
		<key>BA41395E1CB8B86100942E0C</key>
		<dict>
			<key>children</key>
			<array>
				<string>BA4139831CB8B99500942E0C</string>
				<string>BA41395F1CB8B86500942E0C</string>
			</array>
			<key>isa</key>
			<string>PBXGroup</string>
			<key>name</key>
			<string>SourceCode</string>
			<key>sourceTree</key>
			<string>&lt;group&gt;</string>
		</dict>
		<key>BA41395F1CB8B86500942E0C</key>
		<dict>
			<key>children</key>
			<array>
				<string>BA4139691CB8B90D00942E0C</string>
				<string>BA4139681CB8B90700942E0C</string>
				<string>BA4139671CB8B90400942E0C</string>
				<string>BA4139661CB8B8FB00942E0C</string>
				<string>BA4139631CB8B8EE00942E0C</string>
			</array>
			<key>isa</key>
			<string>PBXGroup</string>
			<key>name</key>
			<string>Controller</string>
			<key>sourceTree</key>
			<string>&lt;group&gt;</string>
		</dict>
		<key>BA4139601CB8B86900942E0C</key>
		<dict>
			<key>children</key>
			<array>
				<string>BA4139471CB8AFC600942E0C</string>
				<string>BA4139481CB8AFC600942E0C</string>
			</array>
			<key>isa</key>
			<string>PBXGroup</string>
			<key>name</key>
			<string>App Delegate</string>
			<key>sourceTree</key>
			<string>&lt;group&gt;</string>
		</dict>
		<key>BA4139611CB8B86E00942E0C</key>
		<dict>
			<key>children</key>
			<array>
				<string>BA41399D1CB8BEE300942E0C</string>
				<string>BA41399F1CB8BEF400942E0C</string>
			</array>
			<key>isa</key>
			<string>PBXGroup</string>
			<key>name</key>
			<string>Storyboard</string>
			<key>sourceTree</key>
			<string>&lt;group&gt;</string>
		</dict>
		<key>BA4139621CB8B88C00942E0C</key>
		<dict>
			<key>children</key>
			<array>
				<string>BAA66DC51CB8D3620071085F</string>
				<string>BAA66DC61CB8D3620071085F</string>
				<string>BAA66DC71CB8D3620071085F</string>
				<string>BAA66DC81CB8D3620071085F</string>
				<string>BAA66D9C1CB8C00E0071085F</string>
			</array>
			<key>isa</key>
			<string>PBXGroup</string>
			<key>name</key>
			<string>Welcome</string>
			<key>sourceTree</key>
			<string>&lt;group&gt;</string>
		</dict>
		<key>BA4139631CB8B8EE00942E0C</key>
		<dict>
			<key>children</key>
			<array>
				<string>BA4139651CB8B8F600942E0C</string>
				<string>BA4139641CB8B8F200942E0C</string>
				<string>BA41396A1CB8B91C00942E0C</string>
				<string>BA41396B1CB8B91C00942E0C</string>
			</array>
			<key>isa</key>
			<string>PBXGroup</string>
			<key>name</key>
			<string>Login </string>
			<key>sourceTree</key>
			<string>&lt;group&gt;</string>
		</dict>
		<key>BA4139641CB8B8F200942E0C</key>
		<dict>
			<key>children</key>
			<array>
				<string>BA4139721CB8B95400942E0C</string>
				<string>BA4139731CB8B95400942E0C</string>
				<string>BA4139751CB8B96300942E0C</string>
			</array>
			<key>isa</key>
			<string>PBXGroup</string>
			<key>name</key>
			<string>SignUp</string>
			<key>sourceTree</key>
			<string>&lt;group&gt;</string>
		</dict>
		<key>BA4139651CB8B8F600942E0C</key>
		<dict>
			<key>children</key>
			<array>
				<string>BA41396D1CB8B92D00942E0C</string>
				<string>BA41396E1CB8B92D00942E0C</string>
				<string>BA4139701CB8B93900942E0C</string>
			</array>
			<key>isa</key>
			<string>PBXGroup</string>
			<key>name</key>
			<string>SignIn</string>
			<key>sourceTree</key>
			<string>&lt;group&gt;</string>
		</dict>
		<key>BA4139661CB8B8FB00942E0C</key>
		<dict>
			<key>children</key>
			<array>
				<string>BA4139771CB8B97400942E0C</string>
				<string>BA4139781CB8B97400942E0C</string>
			</array>
			<key>isa</key>
			<string>PBXGroup</string>
			<key>name</key>
			<string>Welcome</string>
			<key>sourceTree</key>
			<string>&lt;group&gt;</string>
		</dict>
		<key>BA4139671CB8B90400942E0C</key>
		<dict>
			<key>children</key>
			<array>
				<string>BA41397A1CB8B97C00942E0C</string>
				<string>BA41397B1CB8B97C00942E0C</string>
			</array>
			<key>isa</key>
			<string>PBXGroup</string>
			<key>name</key>
			<string>Main</string>
			<key>sourceTree</key>
			<string>&lt;group&gt;</string>
		</dict>
		<key>BA4139681CB8B90700942E0C</key>
		<dict>
			<key>children</key>
			<array>
				<string>BA41397D1CB8B98300942E0C</string>
				<string>BA41397E1CB8B98300942E0C</string>
			</array>
			<key>isa</key>
			<string>PBXGroup</string>
			<key>name</key>
			<string>Channel</string>
			<key>sourceTree</key>
			<string>&lt;group&gt;</string>
		</dict>
		<key>BA4139691CB8B90D00942E0C</key>
		<dict>
			<key>children</key>
			<array>
				<string>BA4139801CB8B99100942E0C</string>
				<string>BA4139811CB8B99100942E0C</string>
			</array>
			<key>isa</key>
			<string>PBXGroup</string>
			<key>name</key>
			<string>Course</string>
			<key>sourceTree</key>
			<string>&lt;group&gt;</string>
		</dict>
		<key>BA41396A1CB8B91C00942E0C</key>
		<dict>
			<key>fileEncoding</key>
			<string>4</string>
			<key>isa</key>
			<string>PBXFileReference</string>
			<key>lastKnownFileType</key>
			<string>sourcecode.c.h</string>
			<key>path</key>
			<string>FeLoginViewController.h</string>
			<key>sourceTree</key>
			<string>&lt;group&gt;</string>
		</dict>
		<key>BA41396B1CB8B91C00942E0C</key>
		<dict>
			<key>fileEncoding</key>
			<string>4</string>
			<key>isa</key>
			<string>PBXFileReference</string>
			<key>lastKnownFileType</key>
			<string>sourcecode.c.objc</string>
			<key>path</key>
			<string>FeLoginViewController.m</string>
			<key>sourceTree</key>
			<string>&lt;group&gt;</string>
		</dict>
		<key>BA41396C1CB8B91C00942E0C</key>
		<dict>
			<key>fileRef</key>
			<string>BA41396B1CB8B91C00942E0C</string>
			<key>isa</key>
			<string>PBXBuildFile</string>
		</dict>
		<key>BA41396D1CB8B92D00942E0C</key>
		<dict>
			<key>fileEncoding</key>
			<string>4</string>
			<key>isa</key>
			<string>PBXFileReference</string>
			<key>lastKnownFileType</key>
			<string>sourcecode.c.h</string>
			<key>path</key>
			<string>FeSignUpView.h</string>
			<key>sourceTree</key>
			<string>&lt;group&gt;</string>
		</dict>
		<key>BA41396E1CB8B92D00942E0C</key>
		<dict>
			<key>fileEncoding</key>
			<string>4</string>
			<key>isa</key>
			<string>PBXFileReference</string>
			<key>lastKnownFileType</key>
			<string>sourcecode.c.objc</string>
			<key>path</key>
			<string>FeSignUpView.m</string>
			<key>sourceTree</key>
			<string>&lt;group&gt;</string>
		</dict>
		<key>BA41396F1CB8B92D00942E0C</key>
		<dict>
			<key>fileRef</key>
			<string>BA41396E1CB8B92D00942E0C</string>
			<key>isa</key>
			<string>PBXBuildFile</string>
		</dict>
		<key>BA4139701CB8B93900942E0C</key>
		<dict>
			<key>fileEncoding</key>
			<string>4</string>
			<key>isa</key>
			<string>PBXFileReference</string>
			<key>lastKnownFileType</key>
			<string>file.xib</string>
			<key>path</key>
			<string>FeSignUpView.xib</string>
			<key>sourceTree</key>
			<string>&lt;group&gt;</string>
		</dict>
		<key>BA4139711CB8B93900942E0C</key>
		<dict>
			<key>fileRef</key>
			<string>BA4139701CB8B93900942E0C</string>
			<key>isa</key>
			<string>PBXBuildFile</string>
		</dict>
		<key>BA4139721CB8B95400942E0C</key>
		<dict>
			<key>fileEncoding</key>
			<string>4</string>
			<key>isa</key>
			<string>PBXFileReference</string>
			<key>lastKnownFileType</key>
			<string>sourcecode.c.h</string>
			<key>path</key>
			<string>FeSignInView.h</string>
			<key>sourceTree</key>
			<string>&lt;group&gt;</string>
		</dict>
		<key>BA4139731CB8B95400942E0C</key>
		<dict>
			<key>fileEncoding</key>
			<string>4</string>
			<key>isa</key>
			<string>PBXFileReference</string>
			<key>lastKnownFileType</key>
			<string>sourcecode.c.objc</string>
			<key>path</key>
			<string>FeSignInView.m</string>
			<key>sourceTree</key>
			<string>&lt;group&gt;</string>
		</dict>
		<key>BA4139741CB8B95400942E0C</key>
		<dict>
			<key>fileRef</key>
			<string>BA4139731CB8B95400942E0C</string>
			<key>isa</key>
			<string>PBXBuildFile</string>
		</dict>
		<key>BA4139751CB8B96300942E0C</key>
		<dict>
			<key>fileEncoding</key>
			<string>4</string>
			<key>isa</key>
			<string>PBXFileReference</string>
			<key>lastKnownFileType</key>
			<string>file.xib</string>
			<key>path</key>
			<string>FeSignInView.xib</string>
			<key>sourceTree</key>
			<string>&lt;group&gt;</string>
		</dict>
		<key>BA4139761CB8B96300942E0C</key>
		<dict>
			<key>fileRef</key>
			<string>BA4139751CB8B96300942E0C</string>
			<key>isa</key>
			<string>PBXBuildFile</string>
		</dict>
		<key>BA4139771CB8B97400942E0C</key>
		<dict>
			<key>fileEncoding</key>
			<string>4</string>
			<key>isa</key>
			<string>PBXFileReference</string>
			<key>lastKnownFileType</key>
			<string>sourcecode.c.h</string>
			<key>path</key>
			<string>FeWelcomeViewController.h</string>
			<key>sourceTree</key>
			<string>&lt;group&gt;</string>
		</dict>
		<key>BA4139781CB8B97400942E0C</key>
		<dict>
			<key>fileEncoding</key>
			<string>4</string>
			<key>isa</key>
			<string>PBXFileReference</string>
			<key>lastKnownFileType</key>
			<string>sourcecode.c.objc</string>
			<key>path</key>
			<string>FeWelcomeViewController.m</string>
			<key>sourceTree</key>
			<string>&lt;group&gt;</string>
		</dict>
		<key>BA4139791CB8B97400942E0C</key>
		<dict>
			<key>fileRef</key>
			<string>BA4139781CB8B97400942E0C</string>
			<key>isa</key>
			<string>PBXBuildFile</string>
		</dict>
		<key>BA41397A1CB8B97C00942E0C</key>
		<dict>
			<key>fileEncoding</key>
			<string>4</string>
			<key>isa</key>
			<string>PBXFileReference</string>
			<key>lastKnownFileType</key>
			<string>sourcecode.c.h</string>
			<key>path</key>
			<string>FeMainViewController.h</string>
			<key>sourceTree</key>
			<string>&lt;group&gt;</string>
		</dict>
		<key>BA41397B1CB8B97C00942E0C</key>
		<dict>
			<key>fileEncoding</key>
			<string>4</string>
			<key>isa</key>
			<string>PBXFileReference</string>
			<key>lastKnownFileType</key>
			<string>sourcecode.c.objc</string>
			<key>path</key>
			<string>FeMainViewController.m</string>
			<key>sourceTree</key>
			<string>&lt;group&gt;</string>
		</dict>
		<key>BA41397C1CB8B97C00942E0C</key>
		<dict>
			<key>fileRef</key>
			<string>BA41397B1CB8B97C00942E0C</string>
			<key>isa</key>
			<string>PBXBuildFile</string>
		</dict>
		<key>BA41397D1CB8B98300942E0C</key>
		<dict>
			<key>fileEncoding</key>
			<string>4</string>
			<key>isa</key>
			<string>PBXFileReference</string>
			<key>lastKnownFileType</key>
			<string>sourcecode.c.h</string>
			<key>path</key>
			<string>FeChannelsViewController.h</string>
			<key>sourceTree</key>
			<string>&lt;group&gt;</string>
		</dict>
		<key>BA41397E1CB8B98300942E0C</key>
		<dict>
			<key>fileEncoding</key>
			<string>4</string>
			<key>isa</key>
			<string>PBXFileReference</string>
			<key>lastKnownFileType</key>
			<string>sourcecode.c.objc</string>
			<key>path</key>
			<string>FeChannelsViewController.m</string>
			<key>sourceTree</key>
			<string>&lt;group&gt;</string>
		</dict>
		<key>BA41397F1CB8B98400942E0C</key>
		<dict>
			<key>fileRef</key>
			<string>BA41397E1CB8B98300942E0C</string>
			<key>isa</key>
			<string>PBXBuildFile</string>
		</dict>
		<key>BA4139801CB8B99100942E0C</key>
		<dict>
			<key>fileEncoding</key>
			<string>4</string>
			<key>isa</key>
			<string>PBXFileReference</string>
			<key>lastKnownFileType</key>
			<string>sourcecode.c.h</string>
			<key>path</key>
			<string>FeCoursesViewController.h</string>
			<key>sourceTree</key>
			<string>&lt;group&gt;</string>
		</dict>
		<key>BA4139811CB8B99100942E0C</key>
		<dict>
			<key>fileEncoding</key>
			<string>4</string>
			<key>isa</key>
			<string>PBXFileReference</string>
			<key>lastKnownFileType</key>
			<string>sourcecode.c.objc</string>
			<key>path</key>
			<string>FeCoursesViewController.m</string>
			<key>sourceTree</key>
			<string>&lt;group&gt;</string>
		</dict>
		<key>BA4139821CB8B99100942E0C</key>
		<dict>
			<key>fileRef</key>
			<string>BA4139811CB8B99100942E0C</string>
			<key>isa</key>
			<string>PBXBuildFile</string>
		</dict>
		<key>BA4139831CB8B99500942E0C</key>
		<dict>
			<key>children</key>
			<array/>
			<key>isa</key>
			<string>PBXGroup</string>
			<key>name</key>
			<string>Model</string>
			<key>sourceTree</key>
			<string>&lt;group&gt;</string>
		</dict>
		<key>BA4139841CB8BD1F00942E0C</key>
		<dict>
			<key>fileEncoding</key>
			<string>4</string>
			<key>isa</key>
			<string>PBXFileReference</string>
			<key>lastKnownFileType</key>
			<string>sourcecode.c.h</string>
			<key>path</key>
			<string>MBProgressHUD.h</string>
			<key>sourceTree</key>
			<string>&lt;group&gt;</string>
		</dict>
		<key>BA4139851CB8BD1F00942E0C</key>
		<dict>
			<key>fileEncoding</key>
			<string>4</string>
			<key>isa</key>
			<string>PBXFileReference</string>
			<key>lastKnownFileType</key>
			<string>sourcecode.c.objc</string>
			<key>path</key>
			<string>MBProgressHUD.m</string>
			<key>sourceTree</key>
			<string>&lt;group&gt;</string>
		</dict>
		<key>BA4139861CB8BD1F00942E0C</key>
		<dict>
			<key>fileEncoding</key>
			<string>4</string>
			<key>isa</key>
			<string>PBXFileReference</string>
			<key>lastKnownFileType</key>
			<string>sourcecode.c.h</string>
			<key>path</key>
			<string>UIFont+FeelsFont.h</string>
			<key>sourceTree</key>
			<string>&lt;group&gt;</string>
		</dict>
		<key>BA4139871CB8BD1F00942E0C</key>
		<dict>
			<key>fileEncoding</key>
			<string>4</string>
			<key>isa</key>
			<string>PBXFileReference</string>
			<key>lastKnownFileType</key>
			<string>sourcecode.c.objc</string>
			<key>path</key>
			<string>UIFont+FeelsFont.m</string>
			<key>sourceTree</key>
			<string>&lt;group&gt;</string>
		</dict>
		<key>BA4139881CB8BD1F00942E0C</key>
		<dict>
			<key>fileEncoding</key>
			<string>4</string>
			<key>isa</key>
			<string>PBXFileReference</string>
			<key>lastKnownFileType</key>
			<string>sourcecode.c.h</string>
			<key>path</key>
			<string>UIWindow+Additions.h</string>
			<key>sourceTree</key>
			<string>&lt;group&gt;</string>
		</dict>
		<key>BA4139891CB8BD1F00942E0C</key>
		<dict>
			<key>fileEncoding</key>
			<string>4</string>
			<key>isa</key>
			<string>PBXFileReference</string>
			<key>lastKnownFileType</key>
			<string>sourcecode.c.objc</string>
			<key>path</key>
			<string>UIWindow+Additions.m</string>
			<key>sourceTree</key>
			<string>&lt;group&gt;</string>
		</dict>
		<key>BA41398A1CB8BD1F00942E0C</key>
		<dict>
			<key>fileEncoding</key>
			<string>4</string>
			<key>isa</key>
			<string>PBXFileReference</string>
			<key>lastKnownFileType</key>
			<string>sourcecode.c.h</string>
			<key>path</key>
			<string>VVSpringCollectionViewFlowLayout.h</string>
			<key>sourceTree</key>
			<string>&lt;group&gt;</string>
		</dict>
		<key>BA41398B1CB8BD1F00942E0C</key>
		<dict>
			<key>fileEncoding</key>
			<string>4</string>
			<key>isa</key>
			<string>PBXFileReference</string>
			<key>lastKnownFileType</key>
			<string>sourcecode.c.objc</string>
			<key>path</key>
			<string>VVSpringCollectionViewFlowLayout.m</string>
			<key>sourceTree</key>
			<string>&lt;group&gt;</string>
		</dict>
		<key>BA41398C1CB8BD1F00942E0C</key>
		<dict>
			<key>fileRef</key>
			<string>BA4139851CB8BD1F00942E0C</string>
			<key>isa</key>
			<string>PBXBuildFile</string>
		</dict>
		<key>BA41398D1CB8BD1F00942E0C</key>
		<dict>
			<key>fileRef</key>
			<string>BA4139871CB8BD1F00942E0C</string>
			<key>isa</key>
			<string>PBXBuildFile</string>
		</dict>
		<key>BA41398E1CB8BD1F00942E0C</key>
		<dict>
			<key>fileRef</key>
			<string>BA4139891CB8BD1F00942E0C</string>
			<key>isa</key>
			<string>PBXBuildFile</string>
		</dict>
		<key>BA41398F1CB8BD1F00942E0C</key>
		<dict>
			<key>fileRef</key>
			<string>BA41398B1CB8BD1F00942E0C</string>
			<key>isa</key>
			<string>PBXBuildFile</string>
		</dict>
		<key>BA4139901CB8BD2100942E0C</key>
		<dict>
			<key>children</key>
			<array>
				<string>BAA66DD71CB8D9BF0071085F</string>
				<string>BA4139931CB8BD3D00942E0C</string>
				<string>BA4139921CB8BD2F00942E0C</string>
				<string>BA4139911CB8BD2900942E0C</string>
			</array>
			<key>isa</key>
			<string>PBXGroup</string>
			<key>name</key>
			<string>Reuse code</string>
			<key>sourceTree</key>
			<string>&lt;group&gt;</string>
		</dict>
		<key>BA4139911CB8BD2900942E0C</key>
		<dict>
			<key>children</key>
			<array>
				<string>BA4139841CB8BD1F00942E0C</string>
				<string>BA4139851CB8BD1F00942E0C</string>
			</array>
			<key>isa</key>
			<string>PBXGroup</string>
			<key>name</key>
			<string>Progress Hub</string>
			<key>sourceTree</key>
			<string>&lt;group&gt;</string>
		</dict>
		<key>BA4139921CB8BD2F00942E0C</key>
		<dict>
			<key>children</key>
			<array>
				<string>BA4139861CB8BD1F00942E0C</string>
				<string>BA4139871CB8BD1F00942E0C</string>
				<string>BA4139881CB8BD1F00942E0C</string>
				<string>BA4139891CB8BD1F00942E0C</string>
			</array>
			<key>isa</key>
			<string>PBXGroup</string>
			<key>name</key>
			<string>Categories</string>
			<key>sourceTree</key>
			<string>&lt;group&gt;</string>
		</dict>
		<key>BA4139931CB8BD3D00942E0C</key>
		<dict>
			<key>children</key>
			<array>
				<string>BA41398A1CB8BD1F00942E0C</string>
				<string>BA41398B1CB8BD1F00942E0C</string>
			</array>
			<key>isa</key>
			<string>PBXGroup</string>
			<key>name</key>
			<string>Spring animation</string>
			<key>sourceTree</key>
			<string>&lt;group&gt;</string>
		</dict>
		<key>BA4139941CB8BD5900942E0C</key>
		<dict>
			<key>isa</key>
			<string>PBXFileReference</string>
			<key>lastKnownFileType</key>
			<string>file</string>
			<key>path</key>
			<string>SF-UI-Text-Light.otf</string>
			<key>sourceTree</key>
			<string>&lt;group&gt;</string>
		</dict>
		<key>BA4139951CB8BD5900942E0C</key>
		<dict>
			<key>isa</key>
			<string>PBXFileReference</string>
			<key>lastKnownFileType</key>
			<string>file</string>
			<key>path</key>
			<string>SF-UI-Text-Medium.otf</string>
			<key>sourceTree</key>
			<string>&lt;group&gt;</string>
		</dict>
		<key>BA4139961CB8BD5900942E0C</key>
		<dict>
			<key>isa</key>
			<string>PBXFileReference</string>
			<key>lastKnownFileType</key>
			<string>file</string>
			<key>path</key>
			<string>SF-UI-Text-Regular.otf</string>
			<key>sourceTree</key>
			<string>&lt;group&gt;</string>
		</dict>
		<key>BA4139971CB8BD5900942E0C</key>
		<dict>
			<key>isa</key>
			<string>PBXFileReference</string>
			<key>lastKnownFileType</key>
			<string>file</string>
			<key>path</key>
			<string>SF-UI-Text-Semibold.otf</string>
			<key>sourceTree</key>
			<string>&lt;group&gt;</string>
		</dict>
		<key>BA4139981CB8BD5900942E0C</key>
		<dict>
			<key>fileRef</key>
			<string>BA4139941CB8BD5900942E0C</string>
			<key>isa</key>
			<string>PBXBuildFile</string>
		</dict>
		<key>BA4139991CB8BD5900942E0C</key>
		<dict>
			<key>fileRef</key>
			<string>BA4139951CB8BD5900942E0C</string>
			<key>isa</key>
			<string>PBXBuildFile</string>
		</dict>
		<key>BA41399A1CB8BD5900942E0C</key>
		<dict>
			<key>fileRef</key>
			<string>BA4139961CB8BD5900942E0C</string>
			<key>isa</key>
			<string>PBXBuildFile</string>
		</dict>
		<key>BA41399B1CB8BD5900942E0C</key>
		<dict>
			<key>fileRef</key>
			<string>BA4139971CB8BD5900942E0C</string>
			<key>isa</key>
			<string>PBXBuildFile</string>
		</dict>
		<key>BA41399C1CB8BD5B00942E0C</key>
		<dict>
			<key>children</key>
			<array>
				<string>BA4139941CB8BD5900942E0C</string>
				<string>BA4139951CB8BD5900942E0C</string>
				<string>BA4139961CB8BD5900942E0C</string>
				<string>BA4139971CB8BD5900942E0C</string>
			</array>
			<key>isa</key>
			<string>PBXGroup</string>
			<key>name</key>
			<string>Font</string>
			<key>sourceTree</key>
			<string>&lt;group&gt;</string>
		</dict>
		<key>BA41399D1CB8BEE300942E0C</key>
		<dict>
			<key>fileEncoding</key>
			<string>4</string>
			<key>isa</key>
			<string>PBXFileReference</string>
			<key>lastKnownFileType</key>
			<string>file.storyboard</string>
			<key>path</key>
			<string>Storyboard.storyboard</string>
			<key>sourceTree</key>
			<string>&lt;group&gt;</string>
		</dict>
		<key>BA41399E1CB8BEE300942E0C</key>
		<dict>
			<key>fileRef</key>
			<string>BA41399D1CB8BEE300942E0C</string>
			<key>isa</key>
			<string>PBXBuildFile</string>
		</dict>
		<key>BA41399F1CB8BEF400942E0C</key>
		<dict>
			<key>fileEncoding</key>
			<string>4</string>
			<key>isa</key>
			<string>PBXFileReference</string>
			<key>lastKnownFileType</key>
			<string>file.storyboard</string>
			<key>path</key>
			<string>Launch Screen.storyboard</string>
			<key>sourceTree</key>
			<string>&lt;group&gt;</string>
		</dict>
		<key>BA4139A01CB8BEF400942E0C</key>
		<dict>
			<key>fileRef</key>
			<string>BA41399F1CB8BEF400942E0C</string>
			<key>isa</key>
			<string>PBXBuildFile</string>
		</dict>
		<key>BAA66D9C1CB8C00E0071085F</key>
		<dict>
			<key>children</key>
			<array>
				<string>BAA66D9D1CB8C02F0071085F</string>
				<string>BAA66D9E1CB8C02F0071085F</string>
				<string>BAA66D9F1CB8C02F0071085F</string>
				<string>BAA66DA01CB8C02F0071085F</string>
				<string>BAA66DA11CB8C02F0071085F</string>
				<string>BAA66DA21CB8C02F0071085F</string>
				<string>BAA66DA31CB8C02F0071085F</string>
				<string>BAA66DA41CB8C02F0071085F</string>
				<string>BAA66DA51CB8C02F0071085F</string>
				<string>BAA66DA61CB8C02F0071085F</string>
				<string>BAA66DA71CB8C02F0071085F</string>
				<string>BAA66DA81CB8C02F0071085F</string>
				<string>BAA66DA91CB8C02F0071085F</string>
				<string>BAA66DAA1CB8C02F0071085F</string>
				<string>BAA66DAB1CB8C02F0071085F</string>
				<string>BAA66DAC1CB8C02F0071085F</string>
				<string>BAA66DAD1CB8C02F0071085F</string>
				<string>BAA66DAE1CB8C02F0071085F</string>
				<string>BAA66DAF1CB8C02F0071085F</string>
				<string>BAA66DB01CB8C02F0071085F</string>
			</array>
			<key>isa</key>
			<string>PBXGroup</string>
			<key>name</key>
			<string>Main Screen</string>
			<key>sourceTree</key>
			<string>&lt;group&gt;</string>
		</dict>
		<key>BAA66D9D1CB8C02F0071085F</key>
		<dict>
			<key>isa</key>
			<string>PBXFileReference</string>
			<key>lastKnownFileType</key>
			<string>image.jpeg</string>
			<key>path</key>
			<string>001_prizmaspace.jpg</string>
			<key>sourceTree</key>
			<string>&lt;group&gt;</string>
		</dict>
		<key>BAA66D9E1CB8C02F0071085F</key>
		<dict>
			<key>isa</key>
			<string>PBXFileReference</string>
			<key>lastKnownFileType</key>
			<string>image.png</string>
			<key>path</key>
			<string>asset1@2x.png</string>
			<key>sourceTree</key>
			<string>&lt;group&gt;</string>
		</dict>
		<key>BAA66D9F1CB8C02F0071085F</key>
		<dict>
			<key>isa</key>
			<string>PBXFileReference</string>
			<key>lastKnownFileType</key>
			<string>image.png</string>
			<key>path</key>
			<string>asset2@2x.png</string>
			<key>sourceTree</key>
			<string>&lt;group&gt;</string>
		</dict>
		<key>BAA66DA01CB8C02F0071085F</key>
		<dict>
			<key>isa</key>
			<string>PBXFileReference</string>
			<key>lastKnownFileType</key>
			<string>image.png</string>
			<key>path</key>
			<string>asset3@2x.png</string>
			<key>sourceTree</key>
			<string>&lt;group&gt;</string>
		</dict>
		<key>BAA66DA11CB8C02F0071085F</key>
		<dict>
			<key>isa</key>
			<string>PBXFileReference</string>
			<key>lastKnownFileType</key>
			<string>image.png</string>
			<key>path</key>
			<string>asset4@2x.png</string>
			<key>sourceTree</key>
			<string>&lt;group&gt;</string>
		</dict>
		<key>BAA66DA21CB8C02F0071085F</key>
		<dict>
			<key>isa</key>
			<string>PBXFileReference</string>
			<key>lastKnownFileType</key>
			<string>image.png</string>
			<key>path</key>
			<string>asset5@2x.png</string>
			<key>sourceTree</key>
			<string>&lt;group&gt;</string>
		</dict>
		<key>BAA66DA31CB8C02F0071085F</key>
		<dict>
			<key>isa</key>
			<string>PBXFileReference</string>
			<key>lastKnownFileType</key>
			<string>image.png</string>
			<key>path</key>
			<string>asset6@2x.png</string>
			<key>sourceTree</key>
			<string>&lt;group&gt;</string>
		</dict>
		<key>BAA66DA41CB8C02F0071085F</key>
		<dict>
			<key>isa</key>
			<string>PBXFileReference</string>
			<key>lastKnownFileType</key>
			<string>image.png</string>
			<key>path</key>
			<string>asset7@2x.png</string>
			<key>sourceTree</key>
			<string>&lt;group&gt;</string>
		</dict>
		<key>BAA66DA51CB8C02F0071085F</key>
		<dict>
			<key>isa</key>
			<string>PBXFileReference</string>
			<key>lastKnownFileType</key>
			<string>image.png</string>
			<key>path</key>
			<string>asset8@2x.png</string>
			<key>sourceTree</key>
			<string>&lt;group&gt;</string>
		</dict>
		<key>BAA66DA61CB8C02F0071085F</key>
		<dict>
			<key>isa</key>
			<string>PBXFileReference</string>
			<key>lastKnownFileType</key>
			<string>image.png</string>
			<key>path</key>
			<string>asset9@2x.png</string>
			<key>sourceTree</key>
			<string>&lt;group&gt;</string>
		</dict>
		<key>BAA66DA71CB8C02F0071085F</key>
		<dict>
			<key>isa</key>
			<string>PBXFileReference</string>
			<key>lastKnownFileType</key>
			<string>image.png</string>
			<key>path</key>
			<string>Back-100.png</string>
			<key>sourceTree</key>
			<string>&lt;group&gt;</string>
		</dict>
		<key>BAA66DA81CB8C02F0071085F</key>
		<dict>
			<key>isa</key>
			<string>PBXFileReference</string>
			<key>lastKnownFileType</key>
			<string>image.png</string>
			<key>path</key>
			<string>Delete-104.png</string>
			<key>sourceTree</key>
			<string>&lt;group&gt;</string>
		</dict>
		<key>BAA66DA91CB8C02F0071085F</key>
		<dict>
			<key>isa</key>
			<string>PBXFileReference</string>
			<key>lastKnownFileType</key>
			<string>image.png</string>
			<key>path</key>
			<string>earth_element.png</string>
			<key>sourceTree</key>
			<string>&lt;group&gt;</string>
		</dict>
		<key>BAA66DAA1CB8C02F0071085F</key>
		<dict>
			<key>isa</key>
			<string>PBXFileReference</string>
			<key>lastKnownFileType</key>
			<string>image.png</string>
			<key>path</key>
			<string>Globe-104.png</string>
			<key>sourceTree</key>
			<string>&lt;group&gt;</string>
		</dict>
		<key>BAA66DAB1CB8C02F0071085F</key>
		<dict>
			<key>isa</key>
			<string>PBXFileReference</string>
			<key>lastKnownFileType</key>
			<string>image.png</string>
			<key>path</key>
			<string>Gradient_1920x1200.jpg.png</string>
			<key>sourceTree</key>
			<string>&lt;group&gt;</string>
		</dict>
		<key>BAA66DAC1CB8C02F0071085F</key>
		<dict>
			<key>isa</key>
			<string>PBXFileReference</string>
			<key>lastKnownFileType</key>
			<string>image.png</string>
			<key>path</key>
			<string>gradientDetailSlide.png</string>
			<key>sourceTree</key>
			<string>&lt;group&gt;</string>
		</dict>
		<key>BAA66DAD1CB8C02F0071085F</key>
		<dict>
			<key>isa</key>
			<string>PBXFileReference</string>
			<key>lastKnownFileType</key>
			<string>image.png</string>
			<key>path</key>
			<string>menu_2.png</string>
			<key>sourceTree</key>
			<string>&lt;group&gt;</string>
		</dict>
		<key>BAA66DAE1CB8C02F0071085F</key>
		<dict>
			<key>isa</key>
			<string>PBXFileReference</string>
			<key>lastKnownFileType</key>
			<string>image.png</string>
			<key>path</key>
			<string>menu.png</string>
			<key>sourceTree</key>
			<string>&lt;group&gt;</string>
		</dict>
		<key>BAA66DAF1CB8C02F0071085F</key>
		<dict>
			<key>isa</key>
			<string>PBXFileReference</string>
			<key>lastKnownFileType</key>
			<string>image.jpeg</string>
			<key>path</key>
			<string>pattern_1@2x.jpg</string>
			<key>sourceTree</key>
			<string>&lt;group&gt;</string>
		</dict>
		<key>BAA66DB01CB8C02F0071085F</key>
		<dict>
			<key>isa</key>
			<string>PBXFileReference</string>
			<key>lastKnownFileType</key>
			<string>image.png</string>
			<key>path</key>
			<string>Settings-104.png</string>
			<key>sourceTree</key>
			<string>&lt;group&gt;</string>
		</dict>
		<key>BAA66DB11CB8C02F0071085F</key>
		<dict>
			<key>fileRef</key>
			<string>BAA66D9D1CB8C02F0071085F</string>
			<key>isa</key>
			<string>PBXBuildFile</string>
		</dict>
		<key>BAA66DB21CB8C02F0071085F</key>
		<dict>
			<key>fileRef</key>
			<string>BAA66D9E1CB8C02F0071085F</string>
			<key>isa</key>
			<string>PBXBuildFile</string>
		</dict>
		<key>BAA66DB31CB8C02F0071085F</key>
		<dict>
			<key>fileRef</key>
			<string>BAA66D9F1CB8C02F0071085F</string>
			<key>isa</key>
			<string>PBXBuildFile</string>
		</dict>
		<key>BAA66DB41CB8C02F0071085F</key>
		<dict>
			<key>fileRef</key>
			<string>BAA66DA01CB8C02F0071085F</string>
			<key>isa</key>
			<string>PBXBuildFile</string>
		</dict>
		<key>BAA66DB51CB8C02F0071085F</key>
		<dict>
			<key>fileRef</key>
			<string>BAA66DA11CB8C02F0071085F</string>
			<key>isa</key>
			<string>PBXBuildFile</string>
		</dict>
		<key>BAA66DB61CB8C02F0071085F</key>
		<dict>
			<key>fileRef</key>
			<string>BAA66DA21CB8C02F0071085F</string>
			<key>isa</key>
			<string>PBXBuildFile</string>
		</dict>
		<key>BAA66DB71CB8C02F0071085F</key>
		<dict>
			<key>fileRef</key>
			<string>BAA66DA31CB8C02F0071085F</string>
			<key>isa</key>
			<string>PBXBuildFile</string>
		</dict>
		<key>BAA66DB81CB8C02F0071085F</key>
		<dict>
			<key>fileRef</key>
			<string>BAA66DA41CB8C02F0071085F</string>
			<key>isa</key>
			<string>PBXBuildFile</string>
		</dict>
		<key>BAA66DB91CB8C02F0071085F</key>
		<dict>
			<key>fileRef</key>
			<string>BAA66DA51CB8C02F0071085F</string>
			<key>isa</key>
			<string>PBXBuildFile</string>
		</dict>
		<key>BAA66DBA1CB8C02F0071085F</key>
		<dict>
			<key>fileRef</key>
			<string>BAA66DA61CB8C02F0071085F</string>
			<key>isa</key>
			<string>PBXBuildFile</string>
		</dict>
		<key>BAA66DBB1CB8C02F0071085F</key>
		<dict>
			<key>fileRef</key>
			<string>BAA66DA71CB8C02F0071085F</string>
			<key>isa</key>
			<string>PBXBuildFile</string>
		</dict>
		<key>BAA66DBC1CB8C02F0071085F</key>
		<dict>
			<key>fileRef</key>
			<string>BAA66DA81CB8C02F0071085F</string>
			<key>isa</key>
			<string>PBXBuildFile</string>
		</dict>
		<key>BAA66DBD1CB8C02F0071085F</key>
		<dict>
			<key>fileRef</key>
			<string>BAA66DA91CB8C02F0071085F</string>
			<key>isa</key>
			<string>PBXBuildFile</string>
		</dict>
		<key>BAA66DBE1CB8C02F0071085F</key>
		<dict>
			<key>fileRef</key>
			<string>BAA66DAA1CB8C02F0071085F</string>
			<key>isa</key>
			<string>PBXBuildFile</string>
		</dict>
		<key>BAA66DBF1CB8C02F0071085F</key>
		<dict>
			<key>fileRef</key>
			<string>BAA66DAB1CB8C02F0071085F</string>
			<key>isa</key>
			<string>PBXBuildFile</string>
		</dict>
		<key>BAA66DC01CB8C02F0071085F</key>
		<dict>
			<key>fileRef</key>
			<string>BAA66DAC1CB8C02F0071085F</string>
			<key>isa</key>
			<string>PBXBuildFile</string>
		</dict>
		<key>BAA66DC11CB8C02F0071085F</key>
		<dict>
			<key>fileRef</key>
			<string>BAA66DAD1CB8C02F0071085F</string>
			<key>isa</key>
			<string>PBXBuildFile</string>
		</dict>
		<key>BAA66DC21CB8C02F0071085F</key>
		<dict>
			<key>fileRef</key>
			<string>BAA66DAE1CB8C02F0071085F</string>
			<key>isa</key>
			<string>PBXBuildFile</string>
		</dict>
		<key>BAA66DC31CB8C02F0071085F</key>
		<dict>
			<key>fileRef</key>
			<string>BAA66DAF1CB8C02F0071085F</string>
			<key>isa</key>
			<string>PBXBuildFile</string>
		</dict>
		<key>BAA66DC41CB8C02F0071085F</key>
		<dict>
			<key>fileRef</key>
			<string>BAA66DB01CB8C02F0071085F</string>
			<key>isa</key>
			<string>PBXBuildFile</string>
		</dict>
		<key>BAA66DC51CB8D3620071085F</key>
		<dict>
			<key>isa</key>
			<string>PBXFileReference</string>
			<key>lastKnownFileType</key>
			<string>image.png</string>
			<key>path</key>
			<string>logo_app.png</string>
			<key>sourceTree</key>
			<string>&lt;group&gt;</string>
		</dict>
		<key>BAA66DC61CB8D3620071085F</key>
		<dict>
			<key>isa</key>
			<string>PBXFileReference</string>
			<key>lastKnownFileType</key>
			<string>image.jpeg</string>
			<key>path</key>
			<string>welcome_1.jpg</string>
			<key>sourceTree</key>
			<string>&lt;group&gt;</string>
		</dict>
		<key>BAA66DC71CB8D3620071085F</key>
		<dict>
			<key>isa</key>
			<string>PBXFileReference</string>
			<key>lastKnownFileType</key>
			<string>image.jpeg</string>
			<key>path</key>
			<string>welcome_2.jpg</string>
			<key>sourceTree</key>
			<string>&lt;group&gt;</string>
		</dict>
		<key>BAA66DC81CB8D3620071085F</key>
		<dict>
			<key>isa</key>
			<string>PBXFileReference</string>
			<key>lastKnownFileType</key>
			<string>image.jpeg</string>
			<key>path</key>
			<string>welcome_3.jpg</string>
			<key>sourceTree</key>
			<string>&lt;group&gt;</string>
		</dict>
		<key>BAA66DC91CB8D3620071085F</key>
		<dict>
			<key>fileRef</key>
			<string>BAA66DC51CB8D3620071085F</string>
			<key>isa</key>
			<string>PBXBuildFile</string>
		</dict>
		<key>BAA66DCA1CB8D3620071085F</key>
		<dict>
			<key>fileRef</key>
			<string>BAA66DC61CB8D3620071085F</string>
			<key>isa</key>
			<string>PBXBuildFile</string>
		</dict>
		<key>BAA66DCB1CB8D3620071085F</key>
		<dict>
			<key>fileRef</key>
			<string>BAA66DC71CB8D3620071085F</string>
			<key>isa</key>
			<string>PBXBuildFile</string>
		</dict>
		<key>BAA66DCC1CB8D3620071085F</key>
		<dict>
			<key>fileRef</key>
			<string>BAA66DC81CB8D3620071085F</string>
			<key>isa</key>
			<string>PBXBuildFile</string>
		</dict>
		<key>BAA66DCD1CB8D5C90071085F</key>
		<dict>
			<key>isa</key>
			<string>PBXFileReference</string>
			<key>lastKnownFileType</key>
			<string>image.jpeg</string>
			<key>path</key>
			<string>pexels-photo-12064.jpeg</string>
			<key>sourceTree</key>
			<string>&lt;group&gt;</string>
		</dict>
		<key>BAA66DCE1CB8D5C90071085F</key>
		<dict>
			<key>fileRef</key>
			<string>BAA66DCD1CB8D5C90071085F</string>
			<key>isa</key>
			<string>PBXBuildFile</string>
		</dict>
		<key>BAA66DCF1CB8D6190071085F</key>
		<dict>
			<key>children</key>
			<array>
				<string>BAA66DD01CB8D6200071085F</string>
				<string>BA4139621CB8B88C00942E0C</string>
			</array>
			<key>isa</key>
			<string>PBXGroup</string>
			<key>name</key>
			<string>Image</string>
			<key>sourceTree</key>
			<string>&lt;group&gt;</string>
		</dict>
		<key>BAA66DD01CB8D6200071085F</key>
		<dict>
			<key>children</key>
			<array>
				<string>BAA66DCD1CB8D5C90071085F</string>
			</array>
			<key>isa</key>
			<string>PBXGroup</string>
			<key>name</key>
			<string>Login</string>
			<key>sourceTree</key>
			<string>&lt;group&gt;</string>
		</dict>
		<key>BAA66DD11CB8D9BB0071085F</key>
		<dict>
			<key>fileEncoding</key>
			<string>4</string>
			<key>isa</key>
			<string>PBXFileReference</string>
			<key>lastKnownFileType</key>
			<string>sourcecode.c.h</string>
			<key>path</key>
			<string>MHYahooParallaxCollectionViewLayout.h</string>
			<key>sourceTree</key>
			<string>&lt;group&gt;</string>
		</dict>
		<key>BAA66DD21CB8D9BB0071085F</key>
		<dict>
			<key>fileEncoding</key>
			<string>4</string>
			<key>isa</key>
			<string>PBXFileReference</string>
			<key>lastKnownFileType</key>
			<string>sourcecode.c.objc</string>
			<key>path</key>
			<string>MHYahooParallaxCollectionViewLayout.m</string>
			<key>sourceTree</key>
			<string>&lt;group&gt;</string>
		</dict>
		<key>BAA66DD31CB8D9BB0071085F</key>
		<dict>
			<key>fileEncoding</key>
			<string>4</string>
			<key>isa</key>
			<string>PBXFileReference</string>
			<key>lastKnownFileType</key>
			<string>sourcecode.c.h</string>
			<key>path</key>
			<string>MHYahooParallaxView.h</string>
			<key>sourceTree</key>
			<string>&lt;group&gt;</string>
		</dict>
		<key>BAA66DD41CB8D9BB0071085F</key>
		<dict>
			<key>fileEncoding</key>
			<string>4</string>
			<key>isa</key>
			<string>PBXFileReference</string>
			<key>lastKnownFileType</key>
			<string>sourcecode.c.objc</string>
			<key>path</key>
			<string>MHYahooParallaxView.m</string>
			<key>sourceTree</key>
			<string>&lt;group&gt;</string>
		</dict>
		<key>BAA66DD51CB8D9BB0071085F</key>
		<dict>
			<key>fileRef</key>
			<string>BAA66DD21CB8D9BB0071085F</string>
			<key>isa</key>
			<string>PBXBuildFile</string>
		</dict>
		<key>BAA66DD61CB8D9BB0071085F</key>
		<dict>
			<key>fileRef</key>
			<string>BAA66DD41CB8D9BB0071085F</string>
			<key>isa</key>
			<string>PBXBuildFile</string>
		</dict>
		<key>BAA66DD71CB8D9BF0071085F</key>
		<dict>
			<key>children</key>
			<array>
				<string>BAA66DD11CB8D9BB0071085F</string>
				<string>BAA66DD21CB8D9BB0071085F</string>
				<string>BAA66DD31CB8D9BB0071085F</string>
				<string>BAA66DD41CB8D9BB0071085F</string>
			</array>
			<key>isa</key>
			<string>PBXGroup</string>
			<key>name</key>
			<string>YahooWeather</string>
			<key>sourceTree</key>
			<string>&lt;group&gt;</string>
		</dict>
	</dict>
	<key>rootObject</key>
	<string>BA4139391CB8AFC600942E0C</string>
</dict>
</plist>
